
Microsoft Visual Studio Solution File, Format Version 12.00
# Visual Studio 15
Project("{FAE04EC0-301F-11D3-BF4B-00C04F79EFBC}") = "TamilStudentsManagement_Dev", "TamilStudentsManagement_Dev\TamilStudentsManagement_Dev.csproj", "{3E71DA49-C06F-4A23-9284-078D2DF3785D}"
EndProject
Global
	GlobalSection(SolutionConfigurationPlatforms) = preSolution
		Debug|Any CPU = Debug|Any CPU
		Release|Any CPU = Release|Any CPU
	EndGlobalSection
	GlobalSection(ProjectConfigurationPlatforms) = postSolution
		{3E71DA49-C06F-4A23-9284-078D2DF3785D}.Debug|Any CPU.ActiveCfg = Debug|Any CPU
		{3E71DA49-C06F-4A23-9284-078D2DF3785D}.Debug|Any CPU.Build.0 = Debug|Any CPU
		{3E71DA49-C06F-4A23-9284-078D2DF3785D}.Release|Any CPU.ActiveCfg = Release|Any CPU
		{3E71DA49-C06F-4A23-9284-078D2DF3785D}.Release|Any CPU.Build.0 = Release|Any CPU
	EndGlobalSection
EndGlobal
